
Microsoft Visual Studio Solution File, Format Version 12.00
# Visual Studio 2013
VisualStudioVersion = 12.0.31101.0
MinimumVisualStudioVersion = 10.0.40219.1
Project("{FAE04EC0-301F-11D3-BF4B-00C04F79EFBC}") = "MOOC.Gameprogramming.Assignment.01", "MOOC.Gameprogramming.Assignment.01\MOOC.Gameprogramming.Assignment.01.csproj", "{80E10841-9F44-46B8-91FC-F6F12FE65185}"
EndProject
Project("{FAE04EC0-301F-11D3-BF4B-00C04F79EFBC}") = "ProgrammingAssignment2", "ProgrammingAssignment2\ProgrammingAssignment2\ProgrammingAssignment2.csproj", "{CFB237BD-EB04-4CB8-A493-7E73EC21F3A8}"
EndProject
Project("{FAE04EC0-301F-11D3-BF4B-00C04F79EFBC}") = "ProgrammingAssignment2Content", "ProgrammingAssignment2\ProgrammingAssignment2Content\ProgrammingAssignment2Content.contentproj", "{BCAA1216-57E2-44FC-ABED-6FFCAC4B7975}"
EndProject
Project("{FAE04EC0-301F-11D3-BF4B-00C04F79EFBC}") = "ProgrammingAssignment3", "ProgrammingAssignment3\ProgrammingAssignment3\ProgrammingAssignment3.csproj", "{C081B028-A55F-43E2-9377-CF8020AECBD8}"
EndProject
Project("{FAE04EC0-301F-11D3-BF4B-00C04F79EFBC}") = "ProgrammingAssignment3Content", "ProgrammingAssignment3\ProgrammingAssignment3Content\ProgrammingAssignment3Content.contentproj", "{C65F01EE-2AE6-4A1D-A0DD-AEDB2A37CD77}"
EndProject
Project("{FAE04EC0-301F-11D3-BF4B-00C04F79EFBC}") = "GameProject", "GameProject\GameProject\GameProject.csproj", "{0526AE30-2133-41A9-8A6A-B949AF196A8D}"
EndProject
Project("{FAE04EC0-301F-11D3-BF4B-00C04F79EFBC}") = "GameProjectContent", "GameProject\GameProjectContent\GameProjectContent.contentproj", "{E4CF7176-41AC-4877-819A-FC3E70A50787}"
EndProject
Project("{FAE04EC0-301F-11D3-BF4B-00C04F79EFBC}") = "ProgrammingAssignment4", "ProgrammingAssignment4\ProgrammingAssignment4\ProgrammingAssignment4.csproj", "{DC32442E-87E2-45DB-BF6D-B0E42D2AB346}"
EndProject
Project("{96E2B04D-8817-42C6-938A-82C39BA4D311}") = "ProgrammingAssignment4Content", "ProgrammingAssignment4\ProgrammingAssignment4Content\ProgrammingAssignment4Content.contentproj", "{D32CF09E-3710-4A1C-B424-7C33282DE59D}"
EndProject
Global
	GlobalSection(SolutionConfigurationPlatforms) = preSolution
		Debug|Any CPU = Debug|Any CPU
		Debug|Mixed Platforms = Debug|Mixed Platforms
		Debug|x86 = Debug|x86
		Release|Any CPU = Release|Any CPU
		Release|Mixed Platforms = Release|Mixed Platforms
		Release|x86 = Release|x86
	EndGlobalSection
	GlobalSection(ProjectConfigurationPlatforms) = postSolution
		{80E10841-9F44-46B8-91FC-F6F12FE65185}.Debug|Any CPU.ActiveCfg = Debug|Any CPU
		{80E10841-9F44-46B8-91FC-F6F12FE65185}.Debug|Any CPU.Build.0 = Debug|Any CPU
		{80E10841-9F44-46B8-91FC-F6F12FE65185}.Debug|Mixed Platforms.ActiveCfg = Debug|Any CPU
		{80E10841-9F44-46B8-91FC-F6F12FE65185}.Debug|Mixed Platforms.Build.0 = Debug|Any CPU
		{80E10841-9F44-46B8-91FC-F6F12FE65185}.Debug|x86.ActiveCfg = Debug|Any CPU
		{80E10841-9F44-46B8-91FC-F6F12FE65185}.Release|Any CPU.ActiveCfg = Release|Any CPU
		{80E10841-9F44-46B8-91FC-F6F12FE65185}.Release|Any CPU.Build.0 = Release|Any CPU
		{80E10841-9F44-46B8-91FC-F6F12FE65185}.Release|Mixed Platforms.ActiveCfg = Release|Any CPU
		{80E10841-9F44-46B8-91FC-F6F12FE65185}.Release|Mixed Platforms.Build.0 = Release|Any CPU
		{80E10841-9F44-46B8-91FC-F6F12FE65185}.Release|x86.ActiveCfg = Release|Any CPU
		{CFB237BD-EB04-4CB8-A493-7E73EC21F3A8}.Debug|Any CPU.ActiveCfg = Debug|x86
		{CFB237BD-EB04-4CB8-A493-7E73EC21F3A8}.Debug|Mixed Platforms.ActiveCfg = Debug|x86
		{CFB237BD-EB04-4CB8-A493-7E73EC21F3A8}.Debug|Mixed Platforms.Build.0 = Debug|x86
		{CFB237BD-EB04-4CB8-A493-7E73EC21F3A8}.Debug|x86.ActiveCfg = Debug|x86
		{CFB237BD-EB04-4CB8-A493-7E73EC21F3A8}.Debug|x86.Build.0 = Debug|x86
		{CFB237BD-EB04-4CB8-A493-7E73EC21F3A8}.Release|Any CPU.ActiveCfg = Release|x86
		{CFB237BD-EB04-4CB8-A493-7E73EC21F3A8}.Release|Mixed Platforms.ActiveCfg = Release|x86
		{CFB237BD-EB04-4CB8-A493-7E73EC21F3A8}.Release|Mixed Platforms.Build.0 = Release|x86
		{CFB237BD-EB04-4CB8-A493-7E73EC21F3A8}.Release|x86.ActiveCfg = Release|x86
		{CFB237BD-EB04-4CB8-A493-7E73EC21F3A8}.Release|x86.Build.0 = Release|x86
		{BCAA1216-57E2-44FC-ABED-6FFCAC4B7975}.Debug|Any CPU.ActiveCfg = Debug|x86
		{BCAA1216-57E2-44FC-ABED-6FFCAC4B7975}.Debug|Mixed Platforms.ActiveCfg = Debug|x86
		{BCAA1216-57E2-44FC-ABED-6FFCAC4B7975}.Debug|x86.ActiveCfg = Debug|x86
		{BCAA1216-57E2-44FC-ABED-6FFCAC4B7975}.Release|Any CPU.ActiveCfg = Release|x86
		{BCAA1216-57E2-44FC-ABED-6FFCAC4B7975}.Release|Mixed Platforms.ActiveCfg = Release|x86
		{BCAA1216-57E2-44FC-ABED-6FFCAC4B7975}.Release|x86.ActiveCfg = Release|x86
		{C081B028-A55F-43E2-9377-CF8020AECBD8}.Debug|Any CPU.ActiveCfg = Debug|x86
		{C081B028-A55F-43E2-9377-CF8020AECBD8}.Debug|Mixed Platforms.ActiveCfg = Debug|x86
		{C081B028-A55F-43E2-9377-CF8020AECBD8}.Debug|Mixed Platforms.Build.0 = Debug|x86
		{C081B028-A55F-43E2-9377-CF8020AECBD8}.Debug|x86.ActiveCfg = Debug|x86
		{C081B028-A55F-43E2-9377-CF8020AECBD8}.Debug|x86.Build.0 = Debug|x86
		{C081B028-A55F-43E2-9377-CF8020AECBD8}.Release|Any CPU.ActiveCfg = Release|x86
		{C081B028-A55F-43E2-9377-CF8020AECBD8}.Release|Mixed Platforms.ActiveCfg = Release|x86
		{C081B028-A55F-43E2-9377-CF8020AECBD8}.Release|Mixed Platforms.Build.0 = Release|x86
		{C081B028-A55F-43E2-9377-CF8020AECBD8}.Release|x86.ActiveCfg = Release|x86
		{C081B028-A55F-43E2-9377-CF8020AECBD8}.Release|x86.Build.0 = Release|x86
		{C65F01EE-2AE6-4A1D-A0DD-AEDB2A37CD77}.Debug|Any CPU.ActiveCfg = Debug|x86
		{C65F01EE-2AE6-4A1D-A0DD-AEDB2A37CD77}.Debug|Mixed Platforms.ActiveCfg = Debug|x86
		{C65F01EE-2AE6-4A1D-A0DD-AEDB2A37CD77}.Debug|x86.ActiveCfg = Debug|x86
		{C65F01EE-2AE6-4A1D-A0DD-AEDB2A37CD77}.Release|Any CPU.ActiveCfg = Release|x86
		{C65F01EE-2AE6-4A1D-A0DD-AEDB2A37CD77}.Release|Mixed Platforms.ActiveCfg = Release|x86
		{C65F01EE-2AE6-4A1D-A0DD-AEDB2A37CD77}.Release|x86.ActiveCfg = Release|x86
		{0526AE30-2133-41A9-8A6A-B949AF196A8D}.Debug|Any CPU.ActiveCfg = Debug|x86
		{0526AE30-2133-41A9-8A6A-B949AF196A8D}.Debug|Mixed Platforms.ActiveCfg = Debug|x86
		{0526AE30-2133-41A9-8A6A-B949AF196A8D}.Debug|Mixed Platforms.Build.0 = Debug|x86
		{0526AE30-2133-41A9-8A6A-B949AF196A8D}.Debug|x86.ActiveCfg = Debug|x86
		{0526AE30-2133-41A9-8A6A-B949AF196A8D}.Debug|x86.Build.0 = Debug|x86
		{0526AE30-2133-41A9-8A6A-B949AF196A8D}.Release|Any CPU.ActiveCfg = Release|x86
		{0526AE30-2133-41A9-8A6A-B949AF196A8D}.Release|Mixed Platforms.ActiveCfg = Release|x86
		{0526AE30-2133-41A9-8A6A-B949AF196A8D}.Release|Mixed Platforms.Build.0 = Release|x86
		{0526AE30-2133-41A9-8A6A-B949AF196A8D}.Release|x86.ActiveCfg = Release|x86
		{0526AE30-2133-41A9-8A6A-B949AF196A8D}.Release|x86.Build.0 = Release|x86
		{E4CF7176-41AC-4877-819A-FC3E70A50787}.Debug|Any CPU.ActiveCfg = Debug|x86
		{E4CF7176-41AC-4877-819A-FC3E70A50787}.Debug|Mixed Platforms.ActiveCfg = Debug|x86
		{E4CF7176-41AC-4877-819A-FC3E70A50787}.Debug|x86.ActiveCfg = Debug|x86
		{E4CF7176-41AC-4877-819A-FC3E70A50787}.Release|Any CPU.ActiveCfg = Release|x86
		{E4CF7176-41AC-4877-819A-FC3E70A50787}.Release|Mixed Platforms.ActiveCfg = Release|x86
		{E4CF7176-41AC-4877-819A-FC3E70A50787}.Release|x86.ActiveCfg = Release|x86
		{DC32442E-87E2-45DB-BF6D-B0E42D2AB346}.Debug|Any CPU.ActiveCfg = Debug|x86
		{DC32442E-87E2-45DB-BF6D-B0E42D2AB346}.Debug|Mixed Platforms.ActiveCfg = Debug|x86
		{DC32442E-87E2-45DB-BF6D-B0E42D2AB346}.Debug|Mixed Platforms.Build.0 = Debug|x86
		{DC32442E-87E2-45DB-BF6D-B0E42D2AB346}.Debug|x86.ActiveCfg = Debug|x86
		{DC32442E-87E2-45DB-BF6D-B0E42D2AB346}.Debug|x86.Build.0 = Debug|x86
		{DC32442E-87E2-45DB-BF6D-B0E42D2AB346}.Release|Any CPU.ActiveCfg = Release|x86
		{DC32442E-87E2-45DB-BF6D-B0E42D2AB346}.Release|Mixed Platforms.ActiveCfg = Release|x86
		{DC32442E-87E2-45DB-BF6D-B0E42D2AB346}.Release|Mixed Platforms.Build.0 = Release|x86
		{DC32442E-87E2-45DB-BF6D-B0E42D2AB346}.Release|x86.ActiveCfg = Release|x86
		{DC32442E-87E2-45DB-BF6D-B0E42D2AB346}.Release|x86.Build.0 = Release|x86
		{D32CF09E-3710-4A1C-B424-7C33282DE59D}.Debug|Any CPU.ActiveCfg = Debug|x86
		{D32CF09E-3710-4A1C-B424-7C33282DE59D}.Debug|Mixed Platforms.ActiveCfg = Debug|x86
		{D32CF09E-3710-4A1C-B424-7C33282DE59D}.Debug|x86.ActiveCfg = Debug|x86
		{D32CF09E-3710-4A1C-B424-7C33282DE59D}.Release|Any CPU.ActiveCfg = Release|x86
		{D32CF09E-3710-4A1C-B424-7C33282DE59D}.Release|Mixed Platforms.ActiveCfg = Release|x86
		{D32CF09E-3710-4A1C-B424-7C33282DE59D}.Release|x86.ActiveCfg = Release|x86
	EndGlobalSection
	GlobalSection(SolutionProperties) = preSolution
		HideSolutionNode = FALSE
	EndGlobalSection
EndGlobal
