
Microsoft Visual Studio Solution File, Format Version 12.00
# Visual Studio 2013
VisualStudioVersion = 12.0.31101.0
MinimumVisualStudioVersion = 10.0.40219.1
Project("{FAE04EC0-301F-11D3-BF4B-00C04F79EFBC}") = "MOOC.Gameprogramming.Assignment.01", "MOOC.Gameprogramming.Assignment.01\MOOC.Gameprogramming.Assignment.01.csproj", "{80E10841-9F44-46B8-91FC-F6F12FE65185}"
EndProject
Global
	GlobalSection(SolutionConfigurationPlatforms) = preSolution
		Debug|Any CPU = Debug|Any CPU
		Release|Any CPU = Release|Any CPU
	EndGlobalSection
	GlobalSection(ProjectConfigurationPlatforms) = postSolution
		{80E10841-9F44-46B8-91FC-F6F12FE65185}.Debug|Any CPU.ActiveCfg = Debug|Any CPU
		{80E10841-9F44-46B8-91FC-F6F12FE65185}.Debug|Any CPU.Build.0 = Debug|Any CPU
		{80E10841-9F44-46B8-91FC-F6F12FE65185}.Release|Any CPU.ActiveCfg = Release|Any CPU
		{80E10841-9F44-46B8-91FC-F6F12FE65185}.Release|Any CPU.Build.0 = Release|Any CPU
	EndGlobalSection
	GlobalSection(SolutionProperties) = preSolution
		HideSolutionNode = FALSE
	EndGlobalSection
EndGlobal
